{
  "originHash" : "fd82198f6ef1cd9f7ad71d6756ffb89a6871069ca27718f0294d3638ad7d171b",
  "pins" : [
    {
      "identity" : "navigation-distribution",
      "kind" : "remoteSourceControl",
      "location" : "https://github.com/nextbillion-ai/navigation-distribution",
      "state" : {
        "revision" : "68b7b81790089a0942c93b81c46ccf77c49f71e5",
        "version" : "4.0.1"
      }
    }
  ],
  "version" : 3
}
